# THIS IS AN AUTOGENERATED FILE. DO NOT EDIT THIS FILE DIRECTLY.
# yarn lockfile v1


"@types/node@^9.4.7":
  version "9.4.7"
  resolved "https://registry.yarnpkg.com/@types/node/-/node-9.4.7.tgz#57d81cd98719df2c9de118f2d5f3b1120dcd7275"

commander@^2.15.0:
  version "2.15.0"
  resolved "https://registry.yarnpkg.com/commander/-/commander-2.15.0.tgz#ad2a23a1c3b036e392469b8012cec6b33b4c1322"

typescript@^2.7.2:
  version "2.7.2"
  resolved "https://registry.yarnpkg.com/typescript/-/typescript-2.7.2.tgz#2d615a1ef4aee4f574425cdff7026edf81919836"
